
Microsoft Visual Studio Solution File, Format Version 12.00
Project("{FAE04EC0-301F-11D3-BF4B-00C04F79EFBC}") = "ExtensionMethods", "ExtensionMethods\ExtensionMethods.csproj", "{CE6BDCD4-B2F9-4D7F-A8A7-78DB4687DC6D}"
EndProject
Global
	GlobalSection(SolutionConfigurationPlatforms) = preSolution
		Debug|Any CPU = Debug|Any CPU
		Release|Any CPU = Release|Any CPU
	EndGlobalSection
	GlobalSection(ProjectConfigurationPlatforms) = postSolution
		{CE6BDCD4-B2F9-4D7F-A8A7-78DB4687DC6D}.Debug|Any CPU.ActiveCfg = Debug|Any CPU
		{CE6BDCD4-B2F9-4D7F-A8A7-78DB4687DC6D}.Debug|Any CPU.Build.0 = Debug|Any CPU
		{CE6BDCD4-B2F9-4D7F-A8A7-78DB4687DC6D}.Release|Any CPU.ActiveCfg = Release|Any CPU
		{CE6BDCD4-B2F9-4D7F-A8A7-78DB4687DC6D}.Release|Any CPU.Build.0 = Release|Any CPU
	EndGlobalSection
EndGlobal
